
Microsoft Visual Studio Solution File, Format Version 12.00
# Visual Studio Version 16
VisualStudioVersion = 16.0.29920.165
MinimumVisualStudioVersion = 10.0.40219.1
Project("{FAE04EC0-301F-11D3-BF4B-00C04F79EFBC}") = "Training38", "Training38\Training38.csproj", "{6A39232E-9398-4790-B4D2-77B26E8B784F}"
EndProject
Global
	GlobalSection(SolutionConfigurationPlatforms) = preSolution
		Debug|Any CPU = Debug|Any CPU
		Release|Any CPU = Release|Any CPU
	EndGlobalSection
	GlobalSection(ProjectConfigurationPlatforms) = postSolution
		{6A39232E-9398-4790-B4D2-77B26E8B784F}.Debug|Any CPU.ActiveCfg = Debug|Any CPU
		{6A39232E-9398-4790-B4D2-77B26E8B784F}.Debug|Any CPU.Build.0 = Debug|Any CPU
		{6A39232E-9398-4790-B4D2-77B26E8B784F}.Release|Any CPU.ActiveCfg = Release|Any CPU
		{6A39232E-9398-4790-B4D2-77B26E8B784F}.Release|Any CPU.Build.0 = Release|Any CPU
	EndGlobalSection
	GlobalSection(SolutionProperties) = preSolution
		HideSolutionNode = FALSE
	EndGlobalSection
	GlobalSection(ExtensibilityGlobals) = postSolution
		SolutionGuid = {5A1DD417-EA48-4765-9255-98FB2C07071D}
	EndGlobalSection
EndGlobal
